
Microsoft Visual Studio Solution File, Format Version 12.00
# Visual Studio Version 16
VisualStudioVersion = 16.0.29728.190
MinimumVisualStudioVersion = 10.0.40219.1
Project("{FAE04EC0-301F-11D3-BF4B-00C04F79EFBC}") = "BotDinoGame", "BotDinoGame\BotDinoGame.csproj", "{C3627A3D-DAE6-4DF0-A89F-5CD24C807BD4}"
EndProject
Global
	GlobalSection(SolutionConfigurationPlatforms) = preSolution
		Debug|Any CPU = Debug|Any CPU
		Release|Any CPU = Release|Any CPU
	EndGlobalSection
	GlobalSection(ProjectConfigurationPlatforms) = postSolution
		{C3627A3D-DAE6-4DF0-A89F-5CD24C807BD4}.Debug|Any CPU.ActiveCfg = Debug|Any CPU
		{C3627A3D-DAE6-4DF0-A89F-5CD24C807BD4}.Debug|Any CPU.Build.0 = Debug|Any CPU
		{C3627A3D-DAE6-4DF0-A89F-5CD24C807BD4}.Release|Any CPU.ActiveCfg = Release|Any CPU
		{C3627A3D-DAE6-4DF0-A89F-5CD24C807BD4}.Release|Any CPU.Build.0 = Release|Any CPU
	EndGlobalSection
	GlobalSection(SolutionProperties) = preSolution
		HideSolutionNode = FALSE
	EndGlobalSection
	GlobalSection(ExtensibilityGlobals) = postSolution
		SolutionGuid = {F59DAC84-3C2D-4E16-9855-C4473D9792EC}
	EndGlobalSection
EndGlobal
